
Microsoft Visual Studio Solution File, Format Version 12.00
# Visual Studio 15
VisualStudioVersion = 15.0.26730.16
MinimumVisualStudioVersion = 10.0.40219.1
Project("{9A19103F-16F7-4668-BE54-9A1E7A4F7556}") = "WebServer", "WebServer\WebServer.csproj", "{72911109-BEDB-43A3-9747-05BE33389BD1}"
EndProject
Project("{9A19103F-16F7-4668-BE54-9A1E7A4F7556}") = "SimpleMvc.Framework", "SimpleMvc.Framework\SimpleMvc.Framework.csproj", "{8594816B-A5E0-4775-BED7-AA7C36BAE309}"
EndProject
Project("{9A19103F-16F7-4668-BE54-9A1E7A4F7556}") = "GameStore.App", "GameStore.App\GameStore.App.csproj", "{2DD004CE-033E-429E-83A2-8D8A25FC927A}"
EndProject
Project("{9A19103F-16F7-4668-BE54-9A1E7A4F7556}") = "GameStore.Data", "GameStore.Data\GameStore.Data.csproj", "{BF36B08A-FB94-443D-B7D7-7771019423D1}"
EndProject
Project("{FAE04EC0-301F-11D3-BF4B-00C04F79EFBC}") = "GameStore.Services", "GameStore.Services\GameStore.Services.csproj", "{7779E149-8E10-4D98-9995-96B973ACCF40}"
EndProject
Global
	GlobalSection(SolutionConfigurationPlatforms) = preSolution
		Debug|Any CPU = Debug|Any CPU
		Release|Any CPU = Release|Any CPU
	EndGlobalSection
	GlobalSection(ProjectConfigurationPlatforms) = postSolution
		{72911109-BEDB-43A3-9747-05BE33389BD1}.Debug|Any CPU.ActiveCfg = Debug|Any CPU
		{72911109-BEDB-43A3-9747-05BE33389BD1}.Debug|Any CPU.Build.0 = Debug|Any CPU
		{72911109-BEDB-43A3-9747-05BE33389BD1}.Release|Any CPU.ActiveCfg = Release|Any CPU
		{72911109-BEDB-43A3-9747-05BE33389BD1}.Release|Any CPU.Build.0 = Release|Any CPU
		{8594816B-A5E0-4775-BED7-AA7C36BAE309}.Debug|Any CPU.ActiveCfg = Debug|Any CPU
		{8594816B-A5E0-4775-BED7-AA7C36BAE309}.Debug|Any CPU.Build.0 = Debug|Any CPU
		{8594816B-A5E0-4775-BED7-AA7C36BAE309}.Release|Any CPU.ActiveCfg = Release|Any CPU
		{8594816B-A5E0-4775-BED7-AA7C36BAE309}.Release|Any CPU.Build.0 = Release|Any CPU
		{2DD004CE-033E-429E-83A2-8D8A25FC927A}.Debug|Any CPU.ActiveCfg = Debug|Any CPU
		{2DD004CE-033E-429E-83A2-8D8A25FC927A}.Debug|Any CPU.Build.0 = Debug|Any CPU
		{2DD004CE-033E-429E-83A2-8D8A25FC927A}.Release|Any CPU.ActiveCfg = Release|Any CPU
		{2DD004CE-033E-429E-83A2-8D8A25FC927A}.Release|Any CPU.Build.0 = Release|Any CPU
		{BF36B08A-FB94-443D-B7D7-7771019423D1}.Debug|Any CPU.ActiveCfg = Debug|Any CPU
		{BF36B08A-FB94-443D-B7D7-7771019423D1}.Debug|Any CPU.Build.0 = Debug|Any CPU
		{BF36B08A-FB94-443D-B7D7-7771019423D1}.Release|Any CPU.ActiveCfg = Release|Any CPU
		{BF36B08A-FB94-443D-B7D7-7771019423D1}.Release|Any CPU.Build.0 = Release|Any CPU
		{7779E149-8E10-4D98-9995-96B973ACCF40}.Debug|Any CPU.ActiveCfg = Debug|Any CPU
		{7779E149-8E10-4D98-9995-96B973ACCF40}.Debug|Any CPU.Build.0 = Debug|Any CPU
		{7779E149-8E10-4D98-9995-96B973ACCF40}.Release|Any CPU.ActiveCfg = Release|Any CPU
		{7779E149-8E10-4D98-9995-96B973ACCF40}.Release|Any CPU.Build.0 = Release|Any CPU
	EndGlobalSection
	GlobalSection(SolutionProperties) = preSolution
		HideSolutionNode = FALSE
	EndGlobalSection
	GlobalSection(ExtensibilityGlobals) = postSolution
		SolutionGuid = {3ABA898C-743A-4BCB-94FE-871C34896B4B}
	EndGlobalSection
EndGlobal
