
Microsoft Visual Studio Solution File, Format Version 12.00
# Visual Studio 15
VisualStudioVersion = 15.0.26730.16
MinimumVisualStudioVersion = 10.0.40219.1
Project("{9A19103F-16F7-4668-BE54-9A1E7A4F7556}") = "Demo", "Demo\Demo.csproj", "{DBF3A5F0-5A78-40CD-B720-80FD3883A1DA}"
EndProject
Project("{9A19103F-16F7-4668-BE54-9A1E7A4F7556}") = "02.OneToMany", "02.OneToMany\02.OneToMany.csproj", "{9EF0203A-2D61-46EB-B79E-0A562379658D}"
EndProject
Project("{9A19103F-16F7-4668-BE54-9A1E7A4F7556}") = "04.ManyToMany", "04.ManyToMany\04.ManyToMany.csproj", "{B0E952F3-978E-4B23-86D2-A7CBB632FD10}"
EndProject
Project("{FAE04EC0-301F-11D3-BF4B-00C04F79EFBC}") = "DatabaseFirst", "DatabaseFirst\DatabaseFirst.csproj", "{C1686727-D6E1-4F0D-A7FF-8EA72B3179AA}"
EndProject
Project("{FAE04EC0-301F-11D3-BF4B-00C04F79EFBC}") = "Shop", "Shop\Shop.csproj", "{8417CCD3-3AF5-43FE-AE34-9A86CA1762D1}"
EndProject
Global
	GlobalSection(SolutionConfigurationPlatforms) = preSolution
		Debug|Any CPU = Debug|Any CPU
		Release|Any CPU = Release|Any CPU
	EndGlobalSection
	GlobalSection(ProjectConfigurationPlatforms) = postSolution
		{DBF3A5F0-5A78-40CD-B720-80FD3883A1DA}.Debug|Any CPU.ActiveCfg = Debug|Any CPU
		{DBF3A5F0-5A78-40CD-B720-80FD3883A1DA}.Debug|Any CPU.Build.0 = Debug|Any CPU
		{DBF3A5F0-5A78-40CD-B720-80FD3883A1DA}.Release|Any CPU.ActiveCfg = Release|Any CPU
		{DBF3A5F0-5A78-40CD-B720-80FD3883A1DA}.Release|Any CPU.Build.0 = Release|Any CPU
		{9EF0203A-2D61-46EB-B79E-0A562379658D}.Debug|Any CPU.ActiveCfg = Debug|Any CPU
		{9EF0203A-2D61-46EB-B79E-0A562379658D}.Debug|Any CPU.Build.0 = Debug|Any CPU
		{9EF0203A-2D61-46EB-B79E-0A562379658D}.Release|Any CPU.ActiveCfg = Release|Any CPU
		{9EF0203A-2D61-46EB-B79E-0A562379658D}.Release|Any CPU.Build.0 = Release|Any CPU
		{B0E952F3-978E-4B23-86D2-A7CBB632FD10}.Debug|Any CPU.ActiveCfg = Debug|Any CPU
		{B0E952F3-978E-4B23-86D2-A7CBB632FD10}.Debug|Any CPU.Build.0 = Debug|Any CPU
		{B0E952F3-978E-4B23-86D2-A7CBB632FD10}.Release|Any CPU.ActiveCfg = Release|Any CPU
		{B0E952F3-978E-4B23-86D2-A7CBB632FD10}.Release|Any CPU.Build.0 = Release|Any CPU
		{C1686727-D6E1-4F0D-A7FF-8EA72B3179AA}.Debug|Any CPU.ActiveCfg = Debug|Any CPU
		{C1686727-D6E1-4F0D-A7FF-8EA72B3179AA}.Debug|Any CPU.Build.0 = Debug|Any CPU
		{C1686727-D6E1-4F0D-A7FF-8EA72B3179AA}.Release|Any CPU.ActiveCfg = Release|Any CPU
		{C1686727-D6E1-4F0D-A7FF-8EA72B3179AA}.Release|Any CPU.Build.0 = Release|Any CPU
		{8417CCD3-3AF5-43FE-AE34-9A86CA1762D1}.Debug|Any CPU.ActiveCfg = Debug|Any CPU
		{8417CCD3-3AF5-43FE-AE34-9A86CA1762D1}.Debug|Any CPU.Build.0 = Debug|Any CPU
		{8417CCD3-3AF5-43FE-AE34-9A86CA1762D1}.Release|Any CPU.ActiveCfg = Release|Any CPU
		{8417CCD3-3AF5-43FE-AE34-9A86CA1762D1}.Release|Any CPU.Build.0 = Release|Any CPU
	EndGlobalSection
	GlobalSection(SolutionProperties) = preSolution
		HideSolutionNode = FALSE
	EndGlobalSection
	GlobalSection(ExtensibilityGlobals) = postSolution
		SolutionGuid = {96830C52-ABFF-4A91-8731-ADDBF99DEF91}
	EndGlobalSection
EndGlobal
